{
  "object": {
    "pins": [
      {
        "package": "swift",
        "repositoryURL": "https://github.com/d0tplist/librarya.git",
        "state": {
          "branch": "main",
          "revision": "b2501ffce4aff77b88bfcc5937621844b6dacbf6",
          "version": null
        }
      },
      {
        "package": "swift",
        "repositoryURL": "https://github.com/d0tplist/libraryb.git",
        "state": {
          "branch": "main",
          "revision": "117daf896bf85c39c269b36c23537fb20085f47f",
          "version": null
        }
      }
    ]
  },
  "version": 1
}
